
Microsoft Visual Studio Solution File, Format Version 12.00
# Visual Studio 2012
Project("{FAE04EC0-301F-11D3-BF4B-00C04F79EFBC}") = "Amass.Model", "Model\Amass.Model.csproj", "{C93B6F24-83B9-438A-8DC7-62B611F9BD86}"
EndProject
Project("{FAE04EC0-301F-11D3-BF4B-00C04F79EFBC}") = "ConsoleSampler", "ConsoleSampler\ConsoleSampler.csproj", "{2E927D1B-9920-46DC-8D45-4BC570D81EBB}"
EndProject
Project("{FAE04EC0-301F-11D3-BF4B-00C04F79EFBC}") = "Amass.Web", "Amass.Web\Amass.Web.csproj", "{C89B0D4C-2150-4522-8236-B8C5E31A7E15}"
EndProject
Project("{FAE04EC0-301F-11D3-BF4B-00C04F79EFBC}") = "Amass.Engine", "Amass.Engine\Amass.Engine.csproj", "{9C200A15-5FFA-4268-BB4A-897EBCA63C6C}"
EndProject
Global
	GlobalSection(SolutionConfigurationPlatforms) = preSolution
		Debug|Any CPU = Debug|Any CPU
		Release|Any CPU = Release|Any CPU
	EndGlobalSection
	GlobalSection(ProjectConfigurationPlatforms) = postSolution
		{C93B6F24-83B9-438A-8DC7-62B611F9BD86}.Debug|Any CPU.ActiveCfg = Debug|Any CPU
		{C93B6F24-83B9-438A-8DC7-62B611F9BD86}.Debug|Any CPU.Build.0 = Debug|Any CPU
		{C93B6F24-83B9-438A-8DC7-62B611F9BD86}.Release|Any CPU.ActiveCfg = Release|Any CPU
		{C93B6F24-83B9-438A-8DC7-62B611F9BD86}.Release|Any CPU.Build.0 = Release|Any CPU
		{2E927D1B-9920-46DC-8D45-4BC570D81EBB}.Debug|Any CPU.ActiveCfg = Debug|Any CPU
		{2E927D1B-9920-46DC-8D45-4BC570D81EBB}.Debug|Any CPU.Build.0 = Debug|Any CPU
		{2E927D1B-9920-46DC-8D45-4BC570D81EBB}.Release|Any CPU.ActiveCfg = Release|Any CPU
		{2E927D1B-9920-46DC-8D45-4BC570D81EBB}.Release|Any CPU.Build.0 = Release|Any CPU
		{C89B0D4C-2150-4522-8236-B8C5E31A7E15}.Debug|Any CPU.ActiveCfg = Debug|Any CPU
		{C89B0D4C-2150-4522-8236-B8C5E31A7E15}.Debug|Any CPU.Build.0 = Debug|Any CPU
		{C89B0D4C-2150-4522-8236-B8C5E31A7E15}.Release|Any CPU.ActiveCfg = Release|Any CPU
		{C89B0D4C-2150-4522-8236-B8C5E31A7E15}.Release|Any CPU.Build.0 = Release|Any CPU
		{9C200A15-5FFA-4268-BB4A-897EBCA63C6C}.Debug|Any CPU.ActiveCfg = Debug|Any CPU
		{9C200A15-5FFA-4268-BB4A-897EBCA63C6C}.Debug|Any CPU.Build.0 = Debug|Any CPU
		{9C200A15-5FFA-4268-BB4A-897EBCA63C6C}.Release|Any CPU.ActiveCfg = Release|Any CPU
		{9C200A15-5FFA-4268-BB4A-897EBCA63C6C}.Release|Any CPU.Build.0 = Release|Any CPU
	EndGlobalSection
	GlobalSection(SolutionProperties) = preSolution
		HideSolutionNode = FALSE
	EndGlobalSection
EndGlobal
